
Microsoft Visual Studio Solution File, Format Version 12.00
# Visual Studio 15
VisualStudioVersion = 15.0.26124.0
MinimumVisualStudioVersion = 15.0.26124.0
Project("{FAE04EC0-301F-11D3-BF4B-00C04F79EFBC}") = "API", "API\API.csproj", "{69779114-E820-4F14-8A9F-E39F283E86D3}"
EndProject
Project("{FAE04EC0-301F-11D3-BF4B-00C04F79EFBC}") = "Core", "Core\Core.csproj", "{D6648166-0D7D-4F22-B42A-D5C300868F7D}"
EndProject
Project("{FAE04EC0-301F-11D3-BF4B-00C04F79EFBC}") = "Infrastructure", "Infrastructure\Infrastructure.csproj", "{0121CABE-243E-427B-AFC6-EBCA5485F28B}"
EndProject
Global
	GlobalSection(SolutionConfigurationPlatforms) = preSolution
		Debug|Any CPU = Debug|Any CPU
		Debug|x64 = Debug|x64
		Debug|x86 = Debug|x86
		Release|Any CPU = Release|Any CPU
		Release|x64 = Release|x64
		Release|x86 = Release|x86
	EndGlobalSection
	GlobalSection(SolutionProperties) = preSolution
		HideSolutionNode = FALSE
	EndGlobalSection
	GlobalSection(ProjectConfigurationPlatforms) = postSolution
		{69779114-E820-4F14-8A9F-E39F283E86D3}.Debug|Any CPU.ActiveCfg = Debug|Any CPU
		{69779114-E820-4F14-8A9F-E39F283E86D3}.Debug|Any CPU.Build.0 = Debug|Any CPU
		{69779114-E820-4F14-8A9F-E39F283E86D3}.Debug|x64.ActiveCfg = Debug|Any CPU
		{69779114-E820-4F14-8A9F-E39F283E86D3}.Debug|x64.Build.0 = Debug|Any CPU
		{69779114-E820-4F14-8A9F-E39F283E86D3}.Debug|x86.ActiveCfg = Debug|Any CPU
		{69779114-E820-4F14-8A9F-E39F283E86D3}.Debug|x86.Build.0 = Debug|Any CPU
		{69779114-E820-4F14-8A9F-E39F283E86D3}.Release|Any CPU.ActiveCfg = Release|Any CPU
		{69779114-E820-4F14-8A9F-E39F283E86D3}.Release|Any CPU.Build.0 = Release|Any CPU
		{69779114-E820-4F14-8A9F-E39F283E86D3}.Release|x64.ActiveCfg = Release|Any CPU
		{69779114-E820-4F14-8A9F-E39F283E86D3}.Release|x64.Build.0 = Release|Any CPU
		{69779114-E820-4F14-8A9F-E39F283E86D3}.Release|x86.ActiveCfg = Release|Any CPU
		{69779114-E820-4F14-8A9F-E39F283E86D3}.Release|x86.Build.0 = Release|Any CPU
		{D6648166-0D7D-4F22-B42A-D5C300868F7D}.Debug|Any CPU.ActiveCfg = Debug|Any CPU
		{D6648166-0D7D-4F22-B42A-D5C300868F7D}.Debug|Any CPU.Build.0 = Debug|Any CPU
		{D6648166-0D7D-4F22-B42A-D5C300868F7D}.Debug|x64.ActiveCfg = Debug|Any CPU
		{D6648166-0D7D-4F22-B42A-D5C300868F7D}.Debug|x64.Build.0 = Debug|Any CPU
		{D6648166-0D7D-4F22-B42A-D5C300868F7D}.Debug|x86.ActiveCfg = Debug|Any CPU
		{D6648166-0D7D-4F22-B42A-D5C300868F7D}.Debug|x86.Build.0 = Debug|Any CPU
		{D6648166-0D7D-4F22-B42A-D5C300868F7D}.Release|Any CPU.ActiveCfg = Release|Any CPU
		{D6648166-0D7D-4F22-B42A-D5C300868F7D}.Release|Any CPU.Build.0 = Release|Any CPU
		{D6648166-0D7D-4F22-B42A-D5C300868F7D}.Release|x64.ActiveCfg = Release|Any CPU
		{D6648166-0D7D-4F22-B42A-D5C300868F7D}.Release|x64.Build.0 = Release|Any CPU
		{D6648166-0D7D-4F22-B42A-D5C300868F7D}.Release|x86.ActiveCfg = Release|Any CPU
		{D6648166-0D7D-4F22-B42A-D5C300868F7D}.Release|x86.Build.0 = Release|Any CPU
		{0121CABE-243E-427B-AFC6-EBCA5485F28B}.Debug|Any CPU.ActiveCfg = Debug|Any CPU
		{0121CABE-243E-427B-AFC6-EBCA5485F28B}.Debug|Any CPU.Build.0 = Debug|Any CPU
		{0121CABE-243E-427B-AFC6-EBCA5485F28B}.Debug|x64.ActiveCfg = Debug|Any CPU
		{0121CABE-243E-427B-AFC6-EBCA5485F28B}.Debug|x64.Build.0 = Debug|Any CPU
		{0121CABE-243E-427B-AFC6-EBCA5485F28B}.Debug|x86.ActiveCfg = Debug|Any CPU
		{0121CABE-243E-427B-AFC6-EBCA5485F28B}.Debug|x86.Build.0 = Debug|Any CPU
		{0121CABE-243E-427B-AFC6-EBCA5485F28B}.Release|Any CPU.ActiveCfg = Release|Any CPU
		{0121CABE-243E-427B-AFC6-EBCA5485F28B}.Release|Any CPU.Build.0 = Release|Any CPU
		{0121CABE-243E-427B-AFC6-EBCA5485F28B}.Release|x64.ActiveCfg = Release|Any CPU
		{0121CABE-243E-427B-AFC6-EBCA5485F28B}.Release|x64.Build.0 = Release|Any CPU
		{0121CABE-243E-427B-AFC6-EBCA5485F28B}.Release|x86.ActiveCfg = Release|Any CPU
		{0121CABE-243E-427B-AFC6-EBCA5485F28B}.Release|x86.Build.0 = Release|Any CPU
	EndGlobalSection
EndGlobal
